
Microsoft Visual Studio Solution File, Format Version 12.00
# Visual Studio 15
VisualStudioVersion = 15.0.27428.2011
MinimumVisualStudioVersion = 10.0.40219.1
Project("{FAE04EC0-301F-11D3-BF4B-00C04F79EFBC}") = "SportsFacilityManagementSystem", "SportsFacilityManagementSystem\SportsFacilityManagementSystem.csproj", "{35433D71-D1F6-4B77-A4DE-77724FB70A5A}"
EndProject
Global
	GlobalSection(SolutionConfigurationPlatforms) = preSolution
		Debug|Any CPU = Debug|Any CPU
		Release|Any CPU = Release|Any CPU
	EndGlobalSection
	GlobalSection(ProjectConfigurationPlatforms) = postSolution
		{35433D71-D1F6-4B77-A4DE-77724FB70A5A}.Debug|Any CPU.ActiveCfg = Debug|Any CPU
		{35433D71-D1F6-4B77-A4DE-77724FB70A5A}.Debug|Any CPU.Build.0 = Debug|Any CPU
		{35433D71-D1F6-4B77-A4DE-77724FB70A5A}.Release|Any CPU.ActiveCfg = Release|Any CPU
		{35433D71-D1F6-4B77-A4DE-77724FB70A5A}.Release|Any CPU.Build.0 = Release|Any CPU
	EndGlobalSection
	GlobalSection(SolutionProperties) = preSolution
		HideSolutionNode = FALSE
	EndGlobalSection
	GlobalSection(ExtensibilityGlobals) = postSolution
		SolutionGuid = {8160933C-A49B-4562-9568-6D939B1DF4DA}
	EndGlobalSection
EndGlobal
